
Microsoft Visual Studio Solution File, Format Version 12.00
# Visual Studio 15
VisualStudioVersion = 15.0.28010.2050
MinimumVisualStudioVersion = 10.0.40219.1
Project("{FAE04EC0-301F-11D3-BF4B-00C04F79EFBC}") = "MiniProjectMVC", "MiniProjectMVC\MiniProjectMVC.csproj", "{B3495A0D-41CC-49F6-B20F-B3019AB6DA30}"
EndProject
Global
	GlobalSection(SolutionConfigurationPlatforms) = preSolution
		Debug|Any CPU = Debug|Any CPU
		Release|Any CPU = Release|Any CPU
	EndGlobalSection
	GlobalSection(ProjectConfigurationPlatforms) = postSolution
		{B3495A0D-41CC-49F6-B20F-B3019AB6DA30}.Debug|Any CPU.ActiveCfg = Debug|Any CPU
		{B3495A0D-41CC-49F6-B20F-B3019AB6DA30}.Debug|Any CPU.Build.0 = Debug|Any CPU
		{B3495A0D-41CC-49F6-B20F-B3019AB6DA30}.Release|Any CPU.ActiveCfg = Release|Any CPU
		{B3495A0D-41CC-49F6-B20F-B3019AB6DA30}.Release|Any CPU.Build.0 = Release|Any CPU
	EndGlobalSection
	GlobalSection(SolutionProperties) = preSolution
		HideSolutionNode = FALSE
	EndGlobalSection
	GlobalSection(ExtensibilityGlobals) = postSolution
		SolutionGuid = {98ED75A8-BFB5-43E6-9B9E-5F28C8D064D2}
	EndGlobalSection
EndGlobal
